
Microsoft Visual Studio Solution File, Format Version 12.00
# Visual Studio 14
VisualStudioVersion = 14.0.24720.0
MinimumVisualStudioVersion = 10.0.40219.1
Project("{FAE04EC0-301F-11D3-BF4B-00C04F79EFBC}") = "PublisherSubscriberPattern", "PublisherSubscriberPattern\PublisherSubscriberPattern.csproj", "{9FE46029-DFC2-4B0A-9EC5-930D6148132D}"
EndProject
Project("{FAE04EC0-301F-11D3-BF4B-00C04F79EFBC}") = "PublisherSubscriberPattern.Tests", "PublisherSubscriberPattern.Tests\PublisherSubscriberPattern.Tests.csproj", "{A20A1C03-7D7D-4DB3-9B82-05593F08ACB4}"
EndProject
Project("{FAE04EC0-301F-11D3-BF4B-00C04F79EFBC}") = "PublisherSubscriberPattern.Application", "PublisherSubscriberPattern.Application\PublisherSubscriberPattern.Application.csproj", "{1029B1DD-96D5-4F37-B6F9-D35E0E633FC2}"
EndProject
Global
	GlobalSection(SolutionConfigurationPlatforms) = preSolution
		Debug|Any CPU = Debug|Any CPU
		Release|Any CPU = Release|Any CPU
	EndGlobalSection
	GlobalSection(ProjectConfigurationPlatforms) = postSolution
		{9FE46029-DFC2-4B0A-9EC5-930D6148132D}.Debug|Any CPU.ActiveCfg = Debug|Any CPU
		{9FE46029-DFC2-4B0A-9EC5-930D6148132D}.Debug|Any CPU.Build.0 = Debug|Any CPU
		{9FE46029-DFC2-4B0A-9EC5-930D6148132D}.Release|Any CPU.ActiveCfg = Release|Any CPU
		{9FE46029-DFC2-4B0A-9EC5-930D6148132D}.Release|Any CPU.Build.0 = Release|Any CPU
		{A20A1C03-7D7D-4DB3-9B82-05593F08ACB4}.Debug|Any CPU.ActiveCfg = Debug|Any CPU
		{A20A1C03-7D7D-4DB3-9B82-05593F08ACB4}.Debug|Any CPU.Build.0 = Debug|Any CPU
		{A20A1C03-7D7D-4DB3-9B82-05593F08ACB4}.Release|Any CPU.ActiveCfg = Release|Any CPU
		{A20A1C03-7D7D-4DB3-9B82-05593F08ACB4}.Release|Any CPU.Build.0 = Release|Any CPU
		{1029B1DD-96D5-4F37-B6F9-D35E0E633FC2}.Debug|Any CPU.ActiveCfg = Debug|Any CPU
		{1029B1DD-96D5-4F37-B6F9-D35E0E633FC2}.Debug|Any CPU.Build.0 = Debug|Any CPU
		{1029B1DD-96D5-4F37-B6F9-D35E0E633FC2}.Release|Any CPU.ActiveCfg = Release|Any CPU
		{1029B1DD-96D5-4F37-B6F9-D35E0E633FC2}.Release|Any CPU.Build.0 = Release|Any CPU
	EndGlobalSection
	GlobalSection(SolutionProperties) = preSolution
		HideSolutionNode = FALSE
	EndGlobalSection
EndGlobal
